{
  "name": "p7-web-app.ui",
  "version": "0.0.0",
  "lockfileVersion": 2,
  "requires": true,
  "packages": {
    "": {
      "name": "p7-web-app.ui",
      "version": "0.0.0",
      "devDependencies": {
        "@types/node": "^14.14.7",
        "typescript": "^4.5.2"
      }
    },
    "node_modules/@types/node": {
      "version": "14.18.29",
      "resolved": "https://registry.npmjs.org/@types/node/-/node-14.18.29.tgz",
      "integrity": "sha512-LhF+9fbIX4iPzhsRLpK5H7iPdvW8L4IwGciXQIOEcuF62+9nw/VQVsOViAOOGxY3OlOKGLFv0sWwJXdwQeTn6A==",
      "dev": true
    },
    "node_modules/typescript": {
      "version": "4.8.3",
      "resolved": "https://registry.npmjs.org/typescript/-/typescript-4.8.3.tgz",
      "integrity": "sha512-goMHfm00nWPa8UvR/CPSvykqf6dVV8x/dp0c5mFTMTIu0u0FlGWRioyy7Nn0PGAdHxpJZnuO/ut+PpQ8UiHAig==",
      "dev": true,
      "bin": {
        "tsc": "bin/tsc",
        "tsserver": "bin/tsserver"
      },
      "engines": {
        "node": ">=4.2.0"
      }
    }
  },
  "dependencies": {
    "@types/node": {
      "version": "14.18.29",
      "resolved": "https://registry.npmjs.org/@types/node/-/node-14.18.29.tgz",
      "integrity": "sha512-LhF+9fbIX4iPzhsRLpK5H7iPdvW8L4IwGciXQIOEcuF62+9nw/VQVsOViAOOGxY3OlOKGLFv0sWwJXdwQeTn6A==",
      "dev": true
    },
    "typescript": {
      "version": "4.8.3",
      "resolved": "https://registry.npmjs.org/typescript/-/typescript-4.8.3.tgz",
      "integrity": "sha512-goMHfm00nWPa8UvR/CPSvykqf6dVV8x/dp0c5mFTMTIu0u0FlGWRioyy7Nn0PGAdHxpJZnuO/ut+PpQ8UiHAig==",
      "dev": true
    }
  }
}
