
Microsoft Visual Studio Solution File, Format Version 12.00
# Visual Studio Version 17
VisualStudioVersion = 17.3.32901.215
MinimumVisualStudioVersion = 10.0.40219.1
Project("{2150E333-8FDC-42A3-9474-1A3956D46DE8}") = "sources", "sources", "{28D97FF7-91BC-4DEC-922D-9AE055FC0C3E}"
EndProject
Project("{2150E333-8FDC-42A3-9474-1A3956D46DE8}") = "tests", "tests", "{5372B853-8038-48C2-BFB8-036538CE264C}"
EndProject
Project("{9A19103F-16F7-4668-BE54-9A1E7A4F7556}") = "P7WebApp.API", "P7WebApp.API\P7WebApp.API.csproj", "{80FC2BF2-77A0-4B27-9360-7B1EDB89BF36}"
EndProject
Project("{9A19103F-16F7-4668-BE54-9A1E7A4F7556}") = "P7WebApp.Infrastructure", "P7WebApp.Infrastructure\P7WebApp.Infrastructure.csproj", "{008A484D-BE66-4540-ABC6-670A73A18BF1}"
EndProject
Project("{9A19103F-16F7-4668-BE54-9A1E7A4F7556}") = "P7WebApp.Domain", "P7WebApp.Domain\P7WebApp.Domain.csproj", "{F43A1966-2524-410F-A95F-CC052E944E0E}"
EndProject
Project("{9A19103F-16F7-4668-BE54-9A1E7A4F7556}") = "P7WebApp.Application", "P7WebApp.Application\P7WebApp.Application.csproj", "{5C613779-6D0A-461C-972A-3865AA7022EE}"
EndProject
Project("{FAE04EC0-301F-11D3-BF4B-00C04F79EFBC}") = "P7WebApp.SharedKernel", "P7WebApp.SharedKernel\P7WebApp.SharedKernel.csproj", "{B2E82EBC-C320-43D0-83A9-19E5143E2FE2}"
EndProject
Project("{54A90642-561A-4BB1-A94E-469ADEE60C69}") = "p7webapp.webui", "p7webapp.webui\p7webapp.webui.esproj", "{A707ED21-876B-4F11-BB76-7A6877BD3B3C}"
EndProject
Global
	GlobalSection(SolutionConfigurationPlatforms) = preSolution
		Debug|Any CPU = Debug|Any CPU
		Release|Any CPU = Release|Any CPU
	EndGlobalSection
	GlobalSection(ProjectConfigurationPlatforms) = postSolution
		{80FC2BF2-77A0-4B27-9360-7B1EDB89BF36}.Debug|Any CPU.ActiveCfg = Debug|Any CPU
		{80FC2BF2-77A0-4B27-9360-7B1EDB89BF36}.Debug|Any CPU.Build.0 = Debug|Any CPU
		{80FC2BF2-77A0-4B27-9360-7B1EDB89BF36}.Release|Any CPU.ActiveCfg = Release|Any CPU
		{80FC2BF2-77A0-4B27-9360-7B1EDB89BF36}.Release|Any CPU.Build.0 = Release|Any CPU
		{008A484D-BE66-4540-ABC6-670A73A18BF1}.Debug|Any CPU.ActiveCfg = Debug|Any CPU
		{008A484D-BE66-4540-ABC6-670A73A18BF1}.Debug|Any CPU.Build.0 = Debug|Any CPU
		{008A484D-BE66-4540-ABC6-670A73A18BF1}.Release|Any CPU.ActiveCfg = Release|Any CPU
		{008A484D-BE66-4540-ABC6-670A73A18BF1}.Release|Any CPU.Build.0 = Release|Any CPU
		{F43A1966-2524-410F-A95F-CC052E944E0E}.Debug|Any CPU.ActiveCfg = Debug|Any CPU
		{F43A1966-2524-410F-A95F-CC052E944E0E}.Debug|Any CPU.Build.0 = Debug|Any CPU
		{F43A1966-2524-410F-A95F-CC052E944E0E}.Release|Any CPU.ActiveCfg = Release|Any CPU
		{F43A1966-2524-410F-A95F-CC052E944E0E}.Release|Any CPU.Build.0 = Release|Any CPU
		{5C613779-6D0A-461C-972A-3865AA7022EE}.Debug|Any CPU.ActiveCfg = Debug|Any CPU
		{5C613779-6D0A-461C-972A-3865AA7022EE}.Debug|Any CPU.Build.0 = Debug|Any CPU
		{5C613779-6D0A-461C-972A-3865AA7022EE}.Release|Any CPU.ActiveCfg = Release|Any CPU
		{5C613779-6D0A-461C-972A-3865AA7022EE}.Release|Any CPU.Build.0 = Release|Any CPU
		{B2E82EBC-C320-43D0-83A9-19E5143E2FE2}.Debug|Any CPU.ActiveCfg = Debug|Any CPU
		{B2E82EBC-C320-43D0-83A9-19E5143E2FE2}.Debug|Any CPU.Build.0 = Debug|Any CPU
		{B2E82EBC-C320-43D0-83A9-19E5143E2FE2}.Release|Any CPU.ActiveCfg = Release|Any CPU
		{B2E82EBC-C320-43D0-83A9-19E5143E2FE2}.Release|Any CPU.Build.0 = Release|Any CPU
		{A707ED21-876B-4F11-BB76-7A6877BD3B3C}.Debug|Any CPU.ActiveCfg = Debug|Any CPU
		{A707ED21-876B-4F11-BB76-7A6877BD3B3C}.Debug|Any CPU.Build.0 = Debug|Any CPU
		{A707ED21-876B-4F11-BB76-7A6877BD3B3C}.Debug|Any CPU.Deploy.0 = Debug|Any CPU
		{A707ED21-876B-4F11-BB76-7A6877BD3B3C}.Release|Any CPU.ActiveCfg = Release|Any CPU
		{A707ED21-876B-4F11-BB76-7A6877BD3B3C}.Release|Any CPU.Build.0 = Release|Any CPU
		{A707ED21-876B-4F11-BB76-7A6877BD3B3C}.Release|Any CPU.Deploy.0 = Release|Any CPU
	EndGlobalSection
	GlobalSection(SolutionProperties) = preSolution
		HideSolutionNode = FALSE
	EndGlobalSection
	GlobalSection(NestedProjects) = preSolution
		{80FC2BF2-77A0-4B27-9360-7B1EDB89BF36} = {28D97FF7-91BC-4DEC-922D-9AE055FC0C3E}
		{008A484D-BE66-4540-ABC6-670A73A18BF1} = {28D97FF7-91BC-4DEC-922D-9AE055FC0C3E}
		{F43A1966-2524-410F-A95F-CC052E944E0E} = {28D97FF7-91BC-4DEC-922D-9AE055FC0C3E}
		{5C613779-6D0A-461C-972A-3865AA7022EE} = {28D97FF7-91BC-4DEC-922D-9AE055FC0C3E}
		{B2E82EBC-C320-43D0-83A9-19E5143E2FE2} = {28D97FF7-91BC-4DEC-922D-9AE055FC0C3E}
		{A707ED21-876B-4F11-BB76-7A6877BD3B3C} = {28D97FF7-91BC-4DEC-922D-9AE055FC0C3E}
	EndGlobalSection
	GlobalSection(ExtensibilityGlobals) = postSolution
		SolutionGuid = {4FF17B1C-503E-4E69-9B62-48370EA0B943}
	EndGlobalSection
EndGlobal
